
Microsoft Visual Studio Solution File, Format Version 12.00
# Visual Studio Version 17
VisualStudioVersion = 17.7.34031.279
MinimumVisualStudioVersion = 10.0.40219.1
Project("{FAE04EC0-301F-11D3-BF4B-00C04F79EFBC}") = "AKGeneratoriusSuTikrinimu", "AKGeneratoriusSuTikrinimu.csproj", "{7D65F578-8588-4BF3-BF3A-31D5A85E031F}"
EndProject
Global
	GlobalSection(SolutionConfigurationPlatforms) = preSolution
		Debug|Any CPU = Debug|Any CPU
		Release|Any CPU = Release|Any CPU
	EndGlobalSection
	GlobalSection(ProjectConfigurationPlatforms) = postSolution
		{7D65F578-8588-4BF3-BF3A-31D5A85E031F}.Debug|Any CPU.ActiveCfg = Debug|Any CPU
		{7D65F578-8588-4BF3-BF3A-31D5A85E031F}.Debug|Any CPU.Build.0 = Debug|Any CPU
		{7D65F578-8588-4BF3-BF3A-31D5A85E031F}.Release|Any CPU.ActiveCfg = Release|Any CPU
		{7D65F578-8588-4BF3-BF3A-31D5A85E031F}.Release|Any CPU.Build.0 = Release|Any CPU
	EndGlobalSection
	GlobalSection(SolutionProperties) = preSolution
		HideSolutionNode = FALSE
	EndGlobalSection
	GlobalSection(ExtensibilityGlobals) = postSolution
		SolutionGuid = {8704942B-6444-48A6-80C6-5C006A7AD47B}
	EndGlobalSection
EndGlobal
